// !$*UTF8*$!
{
	archiveVersion = 1;
	classes = {
	};
	objectVersion = 51;
	objects = {

/* Begin PBXBuildFile section */
		6F37A977837060A27EF425CC /* Pods_Coctails_DB.framework in Frameworks */ = {isa = PBXBuildFile; fileRef = B9079ED058E84A701EAB3D9C /* Pods_Coctails_DB.framework */; };
		7A9911E9249E0540003395EA /* DrinkCategory.swift in Sources */ = {isa = PBXBuildFile; fileRef = 7A9911E7249E053F003395EA /* DrinkCategory.swift */; };
		7A9911EA249E0540003395EA /* DrinksParametersList.swift in Sources */ = {isa = PBXBuildFile; fileRef = 7A9911E8249E0540003395EA /* DrinksParametersList.swift */; };
		7A9911EC249E0562003395EA /* Network.swift in Sources */ = {isa = PBXBuildFile; fileRef = 7A9911EB249E0562003395EA /* Network.swift */; };
		7A9911EE249E074C003395EA /* Constants.swift in Sources */ = {isa = PBXBuildFile; fileRef = 7A9911ED249E074C003395EA /* Constants.swift */; };
		7A9911F0249E3257003395EA /* DrinksTableView.swift in Sources */ = {isa = PBXBuildFile; fileRef = 7A9911EF249E3257003395EA /* DrinksTableView.swift */; };
		7A9911F4249E41B8003395EA /* Coordinator.swift in Sources */ = {isa = PBXBuildFile; fileRef = 7A9911F3249E41B8003395EA /* Coordinator.swift */; };
		7A9911F6249E41BB003395EA /* MainCoordinator.swift in Sources */ = {isa = PBXBuildFile; fileRef = 7A9911F5249E41BB003395EA /* MainCoordinator.swift */; };
		7A9911F8249E41BE003395EA /* Storyboarded.swift in Sources */ = {isa = PBXBuildFile; fileRef = 7A9911F7249E41BE003395EA /* Storyboarded.swift */; };
		7A9911FB249F309E003395EA /* NetworkDataManager.swift in Sources */ = {isa = PBXBuildFile; fileRef = 7A9911FA249F309E003395EA /* NetworkDataManager.swift */; };
		7A991201249F392A003395EA /* DrinksTableViewCell.swift in Sources */ = {isa = PBXBuildFile; fileRef = 7A991200249F392A003395EA /* DrinksTableViewCell.swift */; };
		7AA0AC9324A0DE4700FE407D /* FilterCell.swift in Sources */ = {isa = PBXBuildFile; fileRef = 7AA0AC9224A0DE4700FE407D /* FilterCell.swift */; };
		7AA0AC9524A0E60D00FE407D /* ApplyFiltersButton.swift in Sources */ = {isa = PBXBuildFile; fileRef = 7AA0AC9424A0E60D00FE407D /* ApplyFiltersButton.swift */; };
		7ABB6EF3249FAC73001B4049 /* DrinksAssests.swift in Sources */ = {isa = PBXBuildFile; fileRef = 7ABB6EF2249FAC73001B4049 /* DrinksAssests.swift */; };
		7AC905F0249E026800AB8827 /* AppDelegate.swift in Sources */ = {isa = PBXBuildFile; fileRef = 7AC905EF249E026800AB8827 /* AppDelegate.swift */; };
		7AC905F2249E026800AB8827 /* SceneDelegate.swift in Sources */ = {isa = PBXBuildFile; fileRef = 7AC905F1249E026800AB8827 /* SceneDelegate.swift */; };
		7AC905F4249E026800AB8827 /* FilterViewController.swift in Sources */ = {isa = PBXBuildFile; fileRef = 7AC905F3249E026800AB8827 /* FilterViewController.swift */; };
		7AC905F7249E026800AB8827 /* Main.storyboard in Resources */ = {isa = PBXBuildFile; fileRef = 7AC905F5249E026800AB8827 /* Main.storyboard */; };
		7AC905F9249E026A00AB8827 /* Assets.xcassets in Resources */ = {isa = PBXBuildFile; fileRef = 7AC905F8249E026A00AB8827 /* Assets.xcassets */; };
		7AC905FC249E026A00AB8827 /* LaunchScreen.storyboard in Resources */ = {isa = PBXBuildFile; fileRef = 7AC905FA249E026A00AB8827 /* LaunchScreen.storyboard */; };
		7AC90607249E026A00AB8827 /* Coctails_DBTests.swift in Sources */ = {isa = PBXBuildFile; fileRef = 7AC90606249E026A00AB8827 /* Coctails_DBTests.swift */; };
/* End PBXBuildFile section */

/* Begin PBXContainerItemProxy section */
		7AC90603249E026A00AB8827 /* PBXContainerItemProxy */ = {
			isa = PBXContainerItemProxy;
			containerPortal = 7AC905E4249E026800AB8827 /* Project object */;
			proxyType = 1;
			remoteGlobalIDString = 7AC905EB249E026800AB8827;
			remoteInfo = "Coctails DB";
		};
/* End PBXContainerItemProxy section */

/* Begin PBXFileReference section */
		362BA1F55B0832230CF45F0D /* Pods-Coctails DB.release.xcconfig */ = {isa = PBXFileReference; includeInIndex = 1; lastKnownFileType = text.xcconfig; name = "Pods-Coctails DB.release.xcconfig"; path = "Target Support Files/Pods-Coctails DB/Pods-Coctails DB.release.xcconfig"; sourceTree = "<group>"; };
		74819668B18353C44780643E /* Pods-Coctails DB.debug.xcconfig */ = {isa = PBXFileReference; includeInIndex = 1; lastKnownFileType = text.xcconfig; name = "Pods-Coctails DB.debug.xcconfig"; path = "Target Support Files/Pods-Coctails DB/Pods-Coctails DB.debug.xcconfig"; sourceTree = "<group>"; };
		7A9911E7249E053F003395EA /* DrinkCategory.swift */ = {isa = PBXFileReference; fileEncoding = 4; lastKnownFileType = sourcecode.swift; path = DrinkCategory.swift; sourceTree = "<group>"; };
		7A9911E8249E0540003395EA /* DrinksParametersList.swift */ = {isa = PBXFileReference; fileEncoding = 4; lastKnownFileType = sourcecode.swift; path = DrinksParametersList.swift; sourceTree = "<group>"; };
		7A9911EB249E0562003395EA /* Network.swift */ = {isa = PBXFileReference; lastKnownFileType = sourcecode.swift; path = Network.swift; sourceTree = "<group>"; };
		7A9911ED249E074C003395EA /* Constants.swift */ = {isa = PBXFileReference; lastKnownFileType = sourcecode.swift; path = Constants.swift; sourceTree = "<group>"; };
		7A9911EF249E3257003395EA /* DrinksTableView.swift */ = {isa = PBXFileReference; lastKnownFileType = sourcecode.swift; path = DrinksTableView.swift; sourceTree = "<group>"; };
		7A9911F3249E41B8003395EA /* Coordinator.swift */ = {isa = PBXFileReference; lastKnownFileType = sourcecode.swift; path = Coordinator.swift; sourceTree = "<group>"; };
		7A9911F5249E41BB003395EA /* MainCoordinator.swift */ = {isa = PBXFileReference; lastKnownFileType = sourcecode.swift; path = MainCoordinator.swift; sourceTree = "<group>"; };
		7A9911F7249E41BE003395EA /* Storyboarded.swift */ = {isa = PBXFileReference; lastKnownFileType = sourcecode.swift; path = Storyboarded.swift; sourceTree = "<group>"; };
		7A9911FA249F309E003395EA /* NetworkDataManager.swift */ = {isa = PBXFileReference; lastKnownFileType = sourcecode.swift; path = NetworkDataManager.swift; sourceTree = "<group>"; };
		7A991200249F392A003395EA /* DrinksTableViewCell.swift */ = {isa = PBXFileReference; lastKnownFileType = sourcecode.swift; path = DrinksTableViewCell.swift; sourceTree = "<group>"; };
		7AA0AC9224A0DE4700FE407D /* FilterCell.swift */ = {isa = PBXFileReference; lastKnownFileType = sourcecode.swift; path = FilterCell.swift; sourceTree = "<group>"; };
		7AA0AC9424A0E60D00FE407D /* ApplyFiltersButton.swift */ = {isa = PBXFileReference; lastKnownFileType = sourcecode.swift; path = ApplyFiltersButton.swift; sourceTree = "<group>"; };
		7ABB6EF2249FAC73001B4049 /* DrinksAssests.swift */ = {isa = PBXFileReference; lastKnownFileType = sourcecode.swift; path = DrinksAssests.swift; sourceTree = "<group>"; };
		7AC905EC249E026800AB8827 /* Coctails DB.app */ = {isa = PBXFileReference; explicitFileType = wrapper.application; includeInIndex = 0; path = "Coctails DB.app"; sourceTree = BUILT_PRODUCTS_DIR; };
		7AC905EF249E026800AB8827 /* AppDelegate.swift */ = {isa = PBXFileReference; lastKnownFileType = sourcecode.swift; path = AppDelegate.swift; sourceTree = "<group>"; };
		7AC905F1249E026800AB8827 /* SceneDelegate.swift */ = {isa = PBXFileReference; lastKnownFileType = sourcecode.swift; path = SceneDelegate.swift; sourceTree = "<group>"; };
		7AC905F3249E026800AB8827 /* FilterViewController.swift */ = {isa = PBXFileReference; lastKnownFileType = sourcecode.swift; path = FilterViewController.swift; sourceTree = "<group>"; };
		7AC905F6249E026800AB8827 /* Base */ = {isa = PBXFileReference; lastKnownFileType = file.storyboard; name = Base; path = Base.lproj/Main.storyboard; sourceTree = "<group>"; };
		7AC905F8249E026A00AB8827 /* Assets.xcassets */ = {isa = PBXFileReference; lastKnownFileType = folder.assetcatalog; path = Assets.xcassets; sourceTree = "<group>"; };
		7AC905FB249E026A00AB8827 /* Base */ = {isa = PBXFileReference; lastKnownFileType = file.storyboard; name = Base; path = Base.lproj/LaunchScreen.storyboard; sourceTree = "<group>"; };
		7AC905FD249E026A00AB8827 /* Info.plist */ = {isa = PBXFileReference; lastKnownFileType = text.plist.xml; path = Info.plist; sourceTree = "<group>"; };
		7AC90602249E026A00AB8827 /* Coctails DBTests.xctest */ = {isa = PBXFileReference; explicitFileType = wrapper.cfbundle; includeInIndex = 0; path = "Coctails DBTests.xctest"; sourceTree = BUILT_PRODUCTS_DIR; };
		7AC90606249E026A00AB8827 /* Coctails_DBTests.swift */ = {isa = PBXFileReference; lastKnownFileType = sourcecode.swift; path = Coctails_DBTests.swift; sourceTree = "<group>"; };
		7AC90608249E026A00AB8827 /* Info.plist */ = {isa = PBXFileReference; lastKnownFileType = text.plist.xml; path = Info.plist; sourceTree = "<group>"; };
		B9079ED058E84A701EAB3D9C /* Pods_Coctails_DB.framework */ = {isa = PBXFileReference; explicitFileType = wrapper.framework; includeInIndex = 0; path = Pods_Coctails_DB.framework; sourceTree = BUILT_PRODUCTS_DIR; };
/* End PBXFileReference section */

/* Begin PBXFrameworksBuildPhase section */
		7AC905E9249E026800AB8827 /* Frameworks */ = {
			isa = PBXFrameworksBuildPhase;
			buildActionMask = 2147483647;
			files = (
				6F37A977837060A27EF425CC /* Pods_Coctails_DB.framework in Frameworks */,
			);
			runOnlyForDeploymentPostprocessing = 0;
		};
		7AC905FF249E026A00AB8827 /* Frameworks */ = {
			isa = PBXFrameworksBuildPhase;
			buildActionMask = 2147483647;
			files = (
			);
			runOnlyForDeploymentPostprocessing = 0;
		};
/* End PBXFrameworksBuildPhase section */

/* Begin PBXGroup section */
		36D8770E7BBFDC774E7D33F3 /* Frameworks */ = {
			isa = PBXGroup;
			children = (
				B9079ED058E84A701EAB3D9C /* Pods_Coctails_DB.framework */,
			);
			name = Frameworks;
			sourceTree = "<group>";
		};
		505F4C92C8855E7E570236E4 /* Pods */ = {
			isa = PBXGroup;
			children = (
				74819668B18353C44780643E /* Pods-Coctails DB.debug.xcconfig */,
				362BA1F55B0832230CF45F0D /* Pods-Coctails DB.release.xcconfig */,
			);
			path = Pods;
			sourceTree = "<group>";
		};
		7A82F24124A0D012000AD615 /* View */ = {
			isa = PBXGroup;
			children = (
				7A991200249F392A003395EA /* DrinksTableViewCell.swift */,
				7AA0AC9224A0DE4700FE407D /* FilterCell.swift */,
				7AA0AC9424A0E60D00FE407D /* ApplyFiltersButton.swift */,
			);
			path = View;
			sourceTree = "<group>";
		};
		7A9911F9249E41D6003395EA /* Coordinator */ = {
			isa = PBXGroup;
			children = (
				7A9911F5249E41BB003395EA /* MainCoordinator.swift */,
				7A9911F7249E41BE003395EA /* Storyboarded.swift */,
				7A9911F3249E41B8003395EA /* Coordinator.swift */,
			);
			path = Coordinator;
			sourceTree = "<group>";
		};
		7A9911FC249F30BF003395EA /* Model */ = {
			isa = PBXGroup;
			children = (
				7A9911ED249E074C003395EA /* Constants.swift */,
				7A9911E8249E0540003395EA /* DrinksParametersList.swift */,
				7A9911E7249E053F003395EA /* DrinkCategory.swift */,
				7ABB6EF2249FAC73001B4049 /* DrinksAssests.swift */,
				7A9911FD249F30DE003395EA /* Newtwork */,
			);
			path = Model;
			sourceTree = "<group>";
		};
		7A9911FD249F30DE003395EA /* Newtwork */ = {
			isa = PBXGroup;
			children = (
				7A9911FA249F309E003395EA /* NetworkDataManager.swift */,
				7A9911EB249E0562003395EA /* Network.swift */,
			);
			path = Newtwork;
			sourceTree = "<group>";
		};
		7ABB6EF424A0B761001B4049 /* Controllers */ = {
			isa = PBXGroup;
			children = (
				7A9911EF249E3257003395EA /* DrinksTableView.swift */,
				7AC905F3249E026800AB8827 /* FilterViewController.swift */,
			);
			path = Controllers;
			sourceTree = "<group>";
		};
		7AC905E3249E026800AB8827 = {
			isa = PBXGroup;
			children = (
				7AC905EE249E026800AB8827 /* Coctails DB */,
				7AC90605249E026A00AB8827 /* Coctails DBTests */,
				7AC905ED249E026800AB8827 /* Products */,
				505F4C92C8855E7E570236E4 /* Pods */,
				36D8770E7BBFDC774E7D33F3 /* Frameworks */,
			);
			sourceTree = "<group>";
		};
		7AC905ED249E026800AB8827 /* Products */ = {
			isa = PBXGroup;
			children = (
				7AC905EC249E026800AB8827 /* Coctails DB.app */,
				7AC90602249E026A00AB8827 /* Coctails DBTests.xctest */,
			);
			name = Products;
			sourceTree = "<group>";
		};
		7AC905EE249E026800AB8827 /* Coctails DB */ = {
			isa = PBXGroup;
			children = (
				7A9911F9249E41D6003395EA /* Coordinator */,
				7AC905EF249E026800AB8827 /* AppDelegate.swift */,
				7AC905F1249E026800AB8827 /* SceneDelegate.swift */,
				7A9911FC249F30BF003395EA /* Model */,
				7A82F24124A0D012000AD615 /* View */,
				7ABB6EF424A0B761001B4049 /* Controllers */,
				7AC905F5249E026800AB8827 /* Main.storyboard */,
				7AC905F8249E026A00AB8827 /* Assets.xcassets */,
				7AC905FA249E026A00AB8827 /* LaunchScreen.storyboard */,
				7AC905FD249E026A00AB8827 /* Info.plist */,
			);
			path = "Coctails DB";
			sourceTree = "<group>";
		};
		7AC90605249E026A00AB8827 /* Coctails DBTests */ = {
			isa = PBXGroup;
			children = (
				7AC90606249E026A00AB8827 /* Coctails_DBTests.swift */,
				7AC90608249E026A00AB8827 /* Info.plist */,
			);
			path = "Coctails DBTests";
			sourceTree = "<group>";
		};
/* End PBXGroup section */

/* Begin PBXNativeTarget section */
		7AC905EB249E026800AB8827 /* Coctails DB */ = {
			isa = PBXNativeTarget;
			buildConfigurationList = 7AC9060B249E026A00AB8827 /* Build configuration list for PBXNativeTarget "Coctails DB" */;
			buildPhases = (
				65310018DF38964BBF286BC6 /* [CP] Check Pods Manifest.lock */,
				7AC905E8249E026800AB8827 /* Sources */,
				7AC905E9249E026800AB8827 /* Frameworks */,
				7AC905EA249E026800AB8827 /* Resources */,
				910E6D1926F48EA4E3D11B15 /* [CP] Embed Pods Frameworks */,
			);
			buildRules = (
			);
			dependencies = (
			);
			name = "Coctails DB";
			productName = "Coctails DB";
			productReference = 7AC905EC249E026800AB8827 /* Coctails DB.app */;
			productType = "com.apple.product-type.application";
		};
		7AC90601249E026A00AB8827 /* Coctails DBTests */ = {
			isa = PBXNativeTarget;
			buildConfigurationList = 7AC9060E249E026A00AB8827 /* Build configuration list for PBXNativeTarget "Coctails DBTests" */;
			buildPhases = (
				7AC905FE249E026A00AB8827 /* Sources */,
				7AC905FF249E026A00AB8827 /* Frameworks */,
				7AC90600249E026A00AB8827 /* Resources */,
			);
			buildRules = (
			);
			dependencies = (
				7AC90604249E026A00AB8827 /* PBXTargetDependency */,
			);
			name = "Coctails DBTests";
			productName = "Coctails DBTests";
			productReference = 7AC90602249E026A00AB8827 /* Coctails DBTests.xctest */;
			productType = "com.apple.product-type.bundle.unit-test";
		};
/* End PBXNativeTarget section */

/* Begin PBXProject section */
		7AC905E4249E026800AB8827 /* Project object */ = {
			isa = PBXProject;
			attributes = {
				LastSwiftUpdateCheck = 1150;
				LastUpgradeCheck = 1150;
				ORGANIZATIONNAME = "Oleh Haistruk";
				TargetAttributes = {
					7AC905EB249E026800AB8827 = {
						CreatedOnToolsVersion = 11.5;
					};
					7AC90601249E026A00AB8827 = {
						CreatedOnToolsVersion = 11.5;
						TestTargetID = 7AC905EB249E026800AB8827;
					};
				};
			};
			buildConfigurationList = 7AC905E7249E026800AB8827 /* Build configuration list for PBXProject "Coctails DB" */;
			compatibilityVersion = "Xcode 9.3";
			developmentRegion = en;
			hasScannedForEncodings = 0;
			knownRegions = (
				en,
				Base,
			);
			mainGroup = 7AC905E3249E026800AB8827;
			productRefGroup = 7AC905ED249E026800AB8827 /* Products */;
			projectDirPath = "";
			projectRoot = "";
			targets = (
				7AC905EB249E026800AB8827 /* Coctails DB */,
				7AC90601249E026A00AB8827 /* Coctails DBTests */,
			);
		};
/* End PBXProject section */

/* Begin PBXResourcesBuildPhase section */
		7AC905EA249E026800AB8827 /* Resources */ = {
			isa = PBXResourcesBuildPhase;
			buildActionMask = 2147483647;
			files = (
				7AC905FC249E026A00AB8827 /* LaunchScreen.storyboard in Resources */,
				7AC905F9249E026A00AB8827 /* Assets.xcassets in Resources */,
				7AC905F7249E026800AB8827 /* Main.storyboard in Resources */,
			);
			runOnlyForDeploymentPostprocessing = 0;
		};
		7AC90600249E026A00AB8827 /* Resources */ = {
			isa = PBXResourcesBuildPhase;
			buildActionMask = 2147483647;
			files = (
			);
			runOnlyForDeploymentPostprocessing = 0;
		};
/* End PBXResourcesBuildPhase section */

/* Begin PBXShellScriptBuildPhase section */
		65310018DF38964BBF286BC6 /* [CP] Check Pods Manifest.lock */ = {
			isa = PBXShellScriptBuildPhase;
			buildActionMask = 2147483647;
			files = (
			);
			inputFileListPaths = (
			);
			inputPaths = (
				"${PODS_PODFILE_DIR_PATH}/Podfile.lock",
				"${PODS_ROOT}/Manifest.lock",
			);
			name = "[CP] Check Pods Manifest.lock";
			outputFileListPaths = (
			);
			outputPaths = (
				"$(DERIVED_FILE_DIR)/Pods-Coctails DB-checkManifestLockResult.txt",
			);
			runOnlyForDeploymentPostprocessing = 0;
			shellPath = /bin/sh;
			shellScript = "diff \"${PODS_PODFILE_DIR_PATH}/Podfile.lock\" \"${PODS_ROOT}/Manifest.lock\" > /dev/null\nif [ $? != 0 ] ; then\n    # print error to STDERR\n    echo \"error: The sandbox is not in sync with the Podfile.lock. Run 'pod install' or update your CocoaPods installation.\" >&2\n    exit 1\nfi\n# This output is used by Xcode 'outputs' to avoid re-running this script phase.\necho \"SUCCESS\" > \"${SCRIPT_OUTPUT_FILE_0}\"\n";
			showEnvVarsInLog = 0;
		};
		910E6D1926F48EA4E3D11B15 /* [CP] Embed Pods Frameworks */ = {
			isa = PBXShellScriptBuildPhase;
			buildActionMask = 2147483647;
			files = (
			);
			inputFileListPaths = (
				"${PODS_ROOT}/Target Support Files/Pods-Coctails DB/Pods-Coctails DB-frameworks-${CONFIGURATION}-input-files.xcfilelist",
			);
			name = "[CP] Embed Pods Frameworks";
			outputFileListPaths = (
				"${PODS_ROOT}/Target Support Files/Pods-Coctails DB/Pods-Coctails DB-frameworks-${CONFIGURATION}-output-files.xcfilelist",
			);
			runOnlyForDeploymentPostprocessing = 0;
			shellPath = /bin/sh;
			shellScript = "\"${PODS_ROOT}/Target Support Files/Pods-Coctails DB/Pods-Coctails DB-frameworks.sh\"\n";
			showEnvVarsInLog = 0;
		};
/* End PBXShellScriptBuildPhase section */

/* Begin PBXSourcesBuildPhase section */
		7AC905E8249E026800AB8827 /* Sources */ = {
			isa = PBXSourcesBuildPhase;
			buildActionMask = 2147483647;
			files = (
				7A9911E9249E0540003395EA /* DrinkCategory.swift in Sources */,
				7AC905F4249E026800AB8827 /* FilterViewController.swift in Sources */,
				7A9911FB249F309E003395EA /* NetworkDataManager.swift in Sources */,
				7A9911EC249E0562003395EA /* Network.swift in Sources */,
				7AA0AC9324A0DE4700FE407D /* FilterCell.swift in Sources */,
				7A9911F6249E41BB003395EA /* MainCoordinator.swift in Sources */,
				7ABB6EF3249FAC73001B4049 /* DrinksAssests.swift in Sources */,
				7AC905F0249E026800AB8827 /* AppDelegate.swift in Sources */,
				7A9911EE249E074C003395EA /* Constants.swift in Sources */,
				7A9911EA249E0540003395EA /* DrinksParametersList.swift in Sources */,
				7A9911F8249E41BE003395EA /* Storyboarded.swift in Sources */,
				7A9911F0249E3257003395EA /* DrinksTableView.swift in Sources */,
				7A991201249F392A003395EA /* DrinksTableViewCell.swift in Sources */,
				7AC905F2249E026800AB8827 /* SceneDelegate.swift in Sources */,
				7AA0AC9524A0E60D00FE407D /* ApplyFiltersButton.swift in Sources */,
				7A9911F4249E41B8003395EA /* Coordinator.swift in Sources */,
			);
			runOnlyForDeploymentPostprocessing = 0;
		};
		7AC905FE249E026A00AB8827 /* Sources */ = {
			isa = PBXSourcesBuildPhase;
			buildActionMask = 2147483647;
			files = (
				7AC90607249E026A00AB8827 /* Coctails_DBTests.swift in Sources */,
			);
			runOnlyForDeploymentPostprocessing = 0;
		};
/* End PBXSourcesBuildPhase section */

/* Begin PBXTargetDependency section */
		7AC90604249E026A00AB8827 /* PBXTargetDependency */ = {
			isa = PBXTargetDependency;
			target = 7AC905EB249E026800AB8827 /* Coctails DB */;
			targetProxy = 7AC90603249E026A00AB8827 /* PBXContainerItemProxy */;
		};
/* End PBXTargetDependency section */

/* Begin PBXVariantGroup section */
		7AC905F5249E026800AB8827 /* Main.storyboard */ = {
			isa = PBXVariantGroup;
			children = (
				7AC905F6249E026800AB8827 /* Base */,
			);
			name = Main.storyboard;
			sourceTree = "<group>";
		};
		7AC905FA249E026A00AB8827 /* LaunchScreen.storyboard */ = {
			isa = PBXVariantGroup;
			children = (
				7AC905FB249E026A00AB8827 /* Base */,
			);
			name = LaunchScreen.storyboard;
			sourceTree = "<group>";
		};
/* End PBXVariantGroup section */

/* Begin XCBuildConfiguration section */
		7AC90609249E026A00AB8827 /* Debug */ = {
			isa = XCBuildConfiguration;
			buildSettings = {
				ALWAYS_SEARCH_USER_PATHS = NO;
				CLANG_ANALYZER_NONNULL = YES;
				CLANG_ANALYZER_NUMBER_OBJECT_CONVERSION = YES_AGGRESSIVE;
				CLANG_CXX_LANGUAGE_STANDARD = "gnu++14";
				CLANG_CXX_LIBRARY = "libc++";
				CLANG_ENABLE_MODULES = YES;
				CLANG_ENABLE_OBJC_ARC = YES;
				CLANG_ENABLE_OBJC_WEAK = YES;
				CLANG_WARN_BLOCK_CAPTURE_AUTORELEASING = YES;
				CLANG_WARN_BOOL_CONVERSION = YES;
				CLANG_WARN_COMMA = YES;
				CLANG_WARN_CONSTANT_CONVERSION = YES;
				CLANG_WARN_DEPRECATED_OBJC_IMPLEMENTATIONS = YES;
				CLANG_WARN_DIRECT_OBJC_ISA_USAGE = YES_ERROR;
				CLANG_WARN_DOCUMENTATION_COMMENTS = YES;
				CLANG_WARN_EMPTY_BODY = YES;
				CLANG_WARN_ENUM_CONVERSION = YES;
				CLANG_WARN_INFINITE_RECURSION = YES;
				CLANG_WARN_INT_CONVERSION = YES;
				CLANG_WARN_NON_LITERAL_NULL_CONVERSION = YES;
				CLANG_WARN_OBJC_IMPLICIT_RETAIN_SELF = YES;
				CLANG_WARN_OBJC_LITERAL_CONVERSION = YES;
				CLANG_WARN_OBJC_ROOT_CLASS = YES_ERROR;
				CLANG_WARN_RANGE_LOOP_ANALYSIS = YES;
				CLANG_WARN_STRICT_PROTOTYPES = YES;
				CLANG_WARN_SUSPICIOUS_MOVE = YES;
				CLANG_WARN_UNGUARDED_AVAILABILITY = YES_AGGRESSIVE;
				CLANG_WARN_UNREACHABLE_CODE = YES;
				CLANG_WARN__DUPLICATE_METHOD_MATCH = YES;
				COPY_PHASE_STRIP = NO;
				DEBUG_INFORMATION_FORMAT = dwarf;
				ENABLE_STRICT_OBJC_MSGSEND = YES;
				ENABLE_TESTABILITY = YES;
				GCC_C_LANGUAGE_STANDARD = gnu11;
				GCC_DYNAMIC_NO_PIC = NO;
				GCC_NO_COMMON_BLOCKS = YES;
				GCC_OPTIMIZATION_LEVEL = 0;
				GCC_PREPROCESSOR_DEFINITIONS = (
					"DEBUG=1",
					"$(inherited)",
				);
				GCC_WARN_64_TO_32_BIT_CONVERSION = YES;
				GCC_WARN_ABOUT_RETURN_TYPE = YES_ERROR;
				GCC_WARN_UNDECLARED_SELECTOR = YES;
				GCC_WARN_UNINITIALIZED_AUTOS = YES_AGGRESSIVE;
				GCC_WARN_UNUSED_FUNCTION = YES;
				GCC_WARN_UNUSED_VARIABLE = YES;
				IPHONEOS_DEPLOYMENT_TARGET = 13.5;
				MTL_ENABLE_DEBUG_INFO = INCLUDE_SOURCE;
				MTL_FAST_MATH = YES;
				ONLY_ACTIVE_ARCH = YES;
				SDKROOT = iphoneos;
				SWIFT_ACTIVE_COMPILATION_CONDITIONS = DEBUG;
				SWIFT_OPTIMIZATION_LEVEL = "-Onone";
			};
			name = Debug;
		};
		7AC9060A249E026A00AB8827 /* Release */ = {
			isa = XCBuildConfiguration;
			buildSettings = {
				ALWAYS_SEARCH_USER_PATHS = NO;
				CLANG_ANALYZER_NONNULL = YES;
				CLANG_ANALYZER_NUMBER_OBJECT_CONVERSION = YES_AGGRESSIVE;
				CLANG_CXX_LANGUAGE_STANDARD = "gnu++14";
				CLANG_CXX_LIBRARY = "libc++";
				CLANG_ENABLE_MODULES = YES;
				CLANG_ENABLE_OBJC_ARC = YES;
				CLANG_ENABLE_OBJC_WEAK = YES;
				CLANG_WARN_BLOCK_CAPTURE_AUTORELEASING = YES;
				CLANG_WARN_BOOL_CONVERSION = YES;
				CLANG_WARN_COMMA = YES;
				CLANG_WARN_CONSTANT_CONVERSION = YES;
				CLANG_WARN_DEPRECATED_OBJC_IMPLEMENTATIONS = YES;
				CLANG_WARN_DIRECT_OBJC_ISA_USAGE = YES_ERROR;
				CLANG_WARN_DOCUMENTATION_COMMENTS = YES;
				CLANG_WARN_EMPTY_BODY = YES;
				CLANG_WARN_ENUM_CONVERSION = YES;
				CLANG_WARN_INFINITE_RECURSION = YES;
				CLANG_WARN_INT_CONVERSION = YES;
				CLANG_WARN_NON_LITERAL_NULL_CONVERSION = YES;
				CLANG_WARN_OBJC_IMPLICIT_RETAIN_SELF = YES;
				CLANG_WARN_OBJC_LITERAL_CONVERSION = YES;
				CLANG_WARN_OBJC_ROOT_CLASS = YES_ERROR;
				CLANG_WARN_RANGE_LOOP_ANALYSIS = YES;
				CLANG_WARN_STRICT_PROTOTYPES = YES;
				CLANG_WARN_SUSPICIOUS_MOVE = YES;
				CLANG_WARN_UNGUARDED_AVAILABILITY = YES_AGGRESSIVE;
				CLANG_WARN_UNREACHABLE_CODE = YES;
				CLANG_WARN__DUPLICATE_METHOD_MATCH = YES;
				COPY_PHASE_STRIP = NO;
				DEBUG_INFORMATION_FORMAT = "dwarf-with-dsym";
				ENABLE_NS_ASSERTIONS = NO;
				ENABLE_STRICT_OBJC_MSGSEND = YES;
				GCC_C_LANGUAGE_STANDARD = gnu11;
				GCC_NO_COMMON_BLOCKS = YES;
				GCC_WARN_64_TO_32_BIT_CONVERSION = YES;
				GCC_WARN_ABOUT_RETURN_TYPE = YES_ERROR;
				GCC_WARN_UNDECLARED_SELECTOR = YES;
				GCC_WARN_UNINITIALIZED_AUTOS = YES_AGGRESSIVE;
				GCC_WARN_UNUSED_FUNCTION = YES;
				GCC_WARN_UNUSED_VARIABLE = YES;
				IPHONEOS_DEPLOYMENT_TARGET = 13.5;
				MTL_ENABLE_DEBUG_INFO = NO;
				MTL_FAST_MATH = YES;
				SDKROOT = iphoneos;
				SWIFT_COMPILATION_MODE = wholemodule;
				SWIFT_OPTIMIZATION_LEVEL = "-O";
				VALIDATE_PRODUCT = YES;
			};
			name = Release;
		};
		7AC9060C249E026A00AB8827 /* Debug */ = {
			isa = XCBuildConfiguration;
			baseConfigurationReference = 74819668B18353C44780643E /* Pods-Coctails DB.debug.xcconfig */;
			buildSettings = {
				ASSETCATALOG_COMPILER_APPICON_NAME = AppIcon;
				CODE_SIGN_STYLE = Automatic;
				DEVELOPMENT_TEAM = A9J8464N7L;
				INFOPLIST_FILE = "Coctails DB/Info.plist";
				LD_RUNPATH_SEARCH_PATHS = (
					"$(inherited)",
					"@executable_path/Frameworks",
				);
				PRODUCT_BUNDLE_IDENTIFIER = "OG.Coctails-DB";
				PRODUCT_NAME = "$(TARGET_NAME)";
				SWIFT_VERSION = 5.0;
				TARGETED_DEVICE_FAMILY = "1,2";
			};
			name = Debug;
		};
		7AC9060D249E026A00AB8827 /* Release */ = {
			isa = XCBuildConfiguration;
			baseConfigurationReference = 362BA1F55B0832230CF45F0D /* Pods-Coctails DB.release.xcconfig */;
			buildSettings = {
				ASSETCATALOG_COMPILER_APPICON_NAME = AppIcon;
				CODE_SIGN_STYLE = Automatic;
				DEVELOPMENT_TEAM = A9J8464N7L;
				INFOPLIST_FILE = "Coctails DB/Info.plist";
				LD_RUNPATH_SEARCH_PATHS = (
					"$(inherited)",
					"@executable_path/Frameworks",
				);
				PRODUCT_BUNDLE_IDENTIFIER = "OG.Coctails-DB";
				PRODUCT_NAME = "$(TARGET_NAME)";
				SWIFT_VERSION = 5.0;
				TARGETED_DEVICE_FAMILY = "1,2";
			};
			name = Release;
		};
		7AC9060F249E026A00AB8827 /* Debug */ = {
			isa = XCBuildConfiguration;
			buildSettings = {
				ALWAYS_EMBED_SWIFT_STANDARD_LIBRARIES = YES;
				BUNDLE_LOADER = "$(TEST_HOST)";
				CODE_SIGN_STYLE = Automatic;
				DEVELOPMENT_TEAM = A9J8464N7L;
				INFOPLIST_FILE = "Coctails DBTests/Info.plist";
				IPHONEOS_DEPLOYMENT_TARGET = 13.5;
				LD_RUNPATH_SEARCH_PATHS = (
					"$(inherited)",
					"@executable_path/Frameworks",
					"@loader_path/Frameworks",
				);
				PRODUCT_BUNDLE_IDENTIFIER = "OG.Coctails-DBTests";
				PRODUCT_NAME = "$(TARGET_NAME)";
				SWIFT_VERSION = 5.0;
				TARGETED_DEVICE_FAMILY = "1,2";
				TEST_HOST = "$(BUILT_PRODUCTS_DIR)/Coctails DB.app/Coctails DB";
			};
			name = Debug;
		};
		7AC90610249E026A00AB8827 /* Release */ = {
			isa = XCBuildConfiguration;
			buildSettings = {
				ALWAYS_EMBED_SWIFT_STANDARD_LIBRARIES = YES;
				BUNDLE_LOADER = "$(TEST_HOST)";
				CODE_SIGN_STYLE = Automatic;
				DEVELOPMENT_TEAM = A9J8464N7L;
				INFOPLIST_FILE = "Coctails DBTests/Info.plist";
				IPHONEOS_DEPLOYMENT_TARGET = 13.5;
				LD_RUNPATH_SEARCH_PATHS = (
					"$(inherited)",
					"@executable_path/Frameworks",
					"@loader_path/Frameworks",
				);
				PRODUCT_BUNDLE_IDENTIFIER = "OG.Coctails-DBTests";
				PRODUCT_NAME = "$(TARGET_NAME)";
				SWIFT_VERSION = 5.0;
				TARGETED_DEVICE_FAMILY = "1,2";
				TEST_HOST = "$(BUILT_PRODUCTS_DIR)/Coctails DB.app/Coctails DB";
			};
			name = Release;
		};
/* End XCBuildConfiguration section */

/* Begin XCConfigurationList section */
		7AC905E7249E026800AB8827 /* Build configuration list for PBXProject "Coctails DB" */ = {
			isa = XCConfigurationList;
			buildConfigurations = (
				7AC90609249E026A00AB8827 /* Debug */,
				7AC9060A249E026A00AB8827 /* Release */,
			);
			defaultConfigurationIsVisible = 0;
			defaultConfigurationName = Release;
		};
		7AC9060B249E026A00AB8827 /* Build configuration list for PBXNativeTarget "Coctails DB" */ = {
			isa = XCConfigurationList;
			buildConfigurations = (
				7AC9060C249E026A00AB8827 /* Debug */,
				7AC9060D249E026A00AB8827 /* Release */,
			);
			defaultConfigurationIsVisible = 0;
			defaultConfigurationName = Release;
		};
		7AC9060E249E026A00AB8827 /* Build configuration list for PBXNativeTarget "Coctails DBTests" */ = {
			isa = XCConfigurationList;
			buildConfigurations = (
				7AC9060F249E026A00AB8827 /* Debug */,
				7AC90610249E026A00AB8827 /* Release */,
			);
			defaultConfigurationIsVisible = 0;
			defaultConfigurationName = Release;
		};
/* End XCConfigurationList section */
	};
	rootObject = 7AC905E4249E026800AB8827 /* Project object */;
}
